
Microsoft Visual Studio Solution File, Format Version 11.00
# Visual Studio 2010
Project("{FAE04EC0-301F-11D3-BF4B-00C04F79EFBC}") = "Unity.Timeline", "Unity.Timeline.csproj", "{fa757139-51f9-6083-84d5-0d57a0781bfb}"
EndProject
Project("{FAE04EC0-301F-11D3-BF4B-00C04F79EFBC}") = "Unity.Timeline.Editor", "Unity.Timeline.Editor.csproj", "{13db0911-7add-f1f3-de15-73bbeac5cac8}"
EndProject
Project("{FAE04EC0-301F-11D3-BF4B-00C04F79EFBC}") = "Unity.ShaderGraph.Editor", "Unity.ShaderGraph.Editor.csproj", "{5662c1be-8f1c-087b-72d1-48baee07b385}"
EndProject
Project("{FAE04EC0-301F-11D3-BF4B-00C04F79EFBC}") = "Unity.TextMeshPro.Editor", "Unity.TextMeshPro.Editor.csproj", "{81366423-b63e-dc8f-d023-34dc1d4f6f4b}"
EndProject
Project("{FAE04EC0-301F-11D3-BF4B-00C04F79EFBC}") = "Unity.VisualScripting.Flow", "Unity.VisualScripting.Flow.csproj", "{067604fe-6dcd-e709-ed6d-cb1c1ccdd1d5}"
EndProject
Project("{FAE04EC0-301F-11D3-BF4B-00C04F79EFBC}") = "UnityEditor.UI", "UnityEditor.UI.csproj", "{7585d7a0-bb07-fcec-00b0-d65969dc9c8e}"
EndProject
Project("{FAE04EC0-301F-11D3-BF4B-00C04F79EFBC}") = "Unity.PlasticSCM.Editor", "Unity.PlasticSCM.Editor.csproj", "{d5faa57b-1fcd-e124-0823-2a56ef64c3d3}"
EndProject
Project("{FAE04EC0-301F-11D3-BF4B-00C04F79EFBC}") = "Unity.RenderPipelines.Core.Runtime", "Unity.RenderPipelines.Core.Runtime.csproj", "{b62c3f42-f606-e757-b17d-1bd821ab6b82}"
EndProject
Project("{FAE04EC0-301F-11D3-BF4B-00C04F79EFBC}") = "Unity.InputSystem", "Unity.InputSystem.csproj", "{c2597e59-c23a-1d54-38cf-e579384d33d3}"
EndProject
Project("{FAE04EC0-301F-11D3-BF4B-00C04F79EFBC}") = "Unity.VisualScripting.Core", "Unity.VisualScripting.Core.csproj", "{f571e24b-2d30-45af-7994-76aa2365cd3e}"
EndProject
Project("{FAE04EC0-301F-11D3-BF4B-00C04F79EFBC}") = "Unity.RenderPipelines.Core.Editor", "Unity.RenderPipelines.Core.Editor.csproj", "{238c711a-1958-5344-35c7-32688a6baa95}"
EndProject
Project("{FAE04EC0-301F-11D3-BF4B-00C04F79EFBC}") = "Unity.VisualScripting.Core.Editor", "Unity.VisualScripting.Core.Editor.csproj", "{595ea3ab-9e3a-f40a-4b42-c57c690ea151}"
EndProject
Project("{FAE04EC0-301F-11D3-BF4B-00C04F79EFBC}") = "Unity.VisualScripting.Flow.Editor", "Unity.VisualScripting.Flow.Editor.csproj", "{315e64e9-e5a8-e7c6-bca6-81de43da8398}"
EndProject
Project("{FAE04EC0-301F-11D3-BF4B-00C04F79EFBC}") = "UnityEditor.TestRunner", "UnityEditor.TestRunner.csproj", "{0cd1d587-6287-b2ae-9517-d4f51efbf133}"
EndProject
Project("{FAE04EC0-301F-11D3-BF4B-00C04F79EFBC}") = "Unity.VisualScripting.SettingsProvider.Editor", "Unity.VisualScripting.SettingsProvider.Editor.csproj", "{3ccec183-522d-4c87-2532-14e5e6ba540b}"
EndProject
Project("{FAE04EC0-301F-11D3-BF4B-00C04F79EFBC}") = "UnityEngine.TestRunner", "UnityEngine.TestRunner.csproj", "{b609fc00-c1ff-780a-8f4a-e139fef06fc7}"
EndProject
Project("{FAE04EC0-301F-11D3-BF4B-00C04F79EFBC}") = "Unity.Searcher.Editor", "Unity.Searcher.Editor.csproj", "{c99cdc90-e725-eccd-cfcc-501332c851e6}"
EndProject
Project("{FAE04EC0-301F-11D3-BF4B-00C04F79EFBC}") = "UnityEngine.UI", "UnityEngine.UI.csproj", "{8fde635e-22d6-4986-ef18-280b0574a6c9}"
EndProject
Project("{FAE04EC0-301F-11D3-BF4B-00C04F79EFBC}") = "Unity.VisualStudio.Editor", "Unity.VisualStudio.Editor.csproj", "{30c8ee90-52d4-22fc-a46a-cae400bc8805}"
EndProject
Project("{FAE04EC0-301F-11D3-BF4B-00C04F79EFBC}") = "Unity.TestTools.CodeCoverage.Editor.OpenCover.Model", "Unity.TestTools.CodeCoverage.Editor.OpenCover.Model.csproj", "{8b24f2da-c3c9-d135-80fd-5c2ab41c24c0}"
EndProject
Project("{FAE04EC0-301F-11D3-BF4B-00C04F79EFBC}") = "Unity.Rider.Editor", "Unity.Rider.Editor.csproj", "{42725c70-c018-be64-8173-ae391935ec38}"
EndProject
Project("{FAE04EC0-301F-11D3-BF4B-00C04F79EFBC}") = "Unity.VisualScripting.State.Editor", "Unity.VisualScripting.State.Editor.csproj", "{87782320-832f-7055-4e60-50a8a0f005ce}"
EndProject
Project("{FAE04EC0-301F-11D3-BF4B-00C04F79EFBC}") = "Unity.TestTools.CodeCoverage.Editor", "Unity.TestTools.CodeCoverage.Editor.csproj", "{30b310ad-221c-4964-1239-9ce15df3c701}"
EndProject
Project("{FAE04EC0-301F-11D3-BF4B-00C04F79EFBC}") = "Unity.VisualScripting.State", "Unity.VisualScripting.State.csproj", "{e3d2073c-aa78-5d03-5078-7431862e5e14}"
EndProject
Project("{FAE04EC0-301F-11D3-BF4B-00C04F79EFBC}") = "Unity.TextMeshPro", "Unity.TextMeshPro.csproj", "{72b12f20-bbbc-7d2e-a06a-56cfcf79abb8}"
EndProject
Project("{FAE04EC0-301F-11D3-BF4B-00C04F79EFBC}") = "Unity.Performance.Profile-Analyzer.Editor", "Unity.Performance.Profile-Analyzer.Editor.csproj", "{28324b1f-305b-ec8a-6176-d2a506b13e0c}"
EndProject
Project("{FAE04EC0-301F-11D3-BF4B-00C04F79EFBC}") = "Unity.VSCode.Editor", "Unity.VSCode.Editor.csproj", "{c53b86ce-5ee7-b1df-c8c9-8af9cb2ce777}"
EndProject
Project("{FAE04EC0-301F-11D3-BF4B-00C04F79EFBC}") = "Unity.TestTools.CodeCoverage.Editor.OpenCover.Mono.Reflection", "Unity.TestTools.CodeCoverage.Editor.OpenCover.Mono.Reflection.csproj", "{4419eb18-c9e7-dceb-2831-b5de4966fcf6}"
EndProject
Project("{FAE04EC0-301F-11D3-BF4B-00C04F79EFBC}") = "Nobi.UiRoundedCorners.Editor", "Nobi.UiRoundedCorners.Editor.csproj", "{6412f397-63bf-a176-d533-a1910dc00bb0}"
EndProject
Project("{FAE04EC0-301F-11D3-BF4B-00C04F79EFBC}") = "Unity.Settings.Editor", "Unity.Settings.Editor.csproj", "{69629c12-50b9-5e13-70e1-a5ae6d0f2399}"
EndProject
Project("{FAE04EC0-301F-11D3-BF4B-00C04F79EFBC}") = "Assembly-CSharp", "Assembly-CSharp.csproj", "{1b330911-e0ae-48bf-488a-c9e335103b51}"
EndProject
Project("{FAE04EC0-301F-11D3-BF4B-00C04F79EFBC}") = "Unity.ShaderGraph.Utilities", "Unity.ShaderGraph.Utilities.csproj", "{2456eb38-d01d-d4fb-4700-0340c4787848}"
EndProject
Project("{FAE04EC0-301F-11D3-BF4B-00C04F79EFBC}") = "Unity.InputSystem.ForUI", "Unity.InputSystem.ForUI.csproj", "{965e8025-610e-ac28-c5ee-e22f18173bb3}"
EndProject
Project("{FAE04EC0-301F-11D3-BF4B-00C04F79EFBC}") = "Unity.EditorCoroutines.Editor", "Unity.EditorCoroutines.Editor.csproj", "{7ee5d5c1-99f4-94f6-03e2-b39584d2b6fe}"
EndProject
Project("{FAE04EC0-301F-11D3-BF4B-00C04F79EFBC}") = "Unity.InputSystem.TestFramework", "Unity.InputSystem.TestFramework.csproj", "{39356e71-589d-a95d-520d-df133619b7a2}"
EndProject
Project("{FAE04EC0-301F-11D3-BF4B-00C04F79EFBC}") = "Nobi.UiRoundedCorners", "Nobi.UiRoundedCorners.csproj", "{d1667aa7-503b-67c4-5a88-3febd1c3f097}"
EndProject
Project("{FAE04EC0-301F-11D3-BF4B-00C04F79EFBC}") = "Unity.VisualScripting.Shared.Editor", "Unity.VisualScripting.Shared.Editor.csproj", "{98fc13db-9d3a-9dd0-9251-976bb27e738a}"
EndProject
Project("{FAE04EC0-301F-11D3-BF4B-00C04F79EFBC}") = "Unity.CollabProxy.Editor", "Unity.CollabProxy.Editor.csproj", "{94baf0b8-5494-1629-f0ab-570f6dca8825}"
EndProject
Project("{FAE04EC0-301F-11D3-BF4B-00C04F79EFBC}") = "Unity.RenderPipelines.ShaderGraph.ShaderGraphLibrary", "Unity.RenderPipelines.ShaderGraph.ShaderGraphLibrary.csproj", "{85b67ba3-8427-b691-12df-749017dd853d}"
EndProject
Project("{FAE04EC0-301F-11D3-BF4B-00C04F79EFBC}") = "Unity.RenderPipelines.Core.ShaderLibrary", "Unity.RenderPipelines.Core.ShaderLibrary.csproj", "{dc907256-269c-8620-c7f8-1db7f691a942}"
EndProject
Global
	GlobalSection(SolutionConfigurationPlatforms) = preSolution
		Debug|Any CPU = Debug|Any CPU
	EndGlobalSection
	GlobalSection(ProjectConfigurationPlatforms) = postSolution
		{fa757139-51f9-6083-84d5-0d57a0781bfb}.Debug|Any CPU.ActiveCfg = Debug|Any CPU
		{fa757139-51f9-6083-84d5-0d57a0781bfb}.Debug|Any CPU.Build.0 = Debug|Any CPU
		{13db0911-7add-f1f3-de15-73bbeac5cac8}.Debug|Any CPU.ActiveCfg = Debug|Any CPU
		{13db0911-7add-f1f3-de15-73bbeac5cac8}.Debug|Any CPU.Build.0 = Debug|Any CPU
		{5662c1be-8f1c-087b-72d1-48baee07b385}.Debug|Any CPU.ActiveCfg = Debug|Any CPU
		{5662c1be-8f1c-087b-72d1-48baee07b385}.Debug|Any CPU.Build.0 = Debug|Any CPU
		{81366423-b63e-dc8f-d023-34dc1d4f6f4b}.Debug|Any CPU.ActiveCfg = Debug|Any CPU
		{81366423-b63e-dc8f-d023-34dc1d4f6f4b}.Debug|Any CPU.Build.0 = Debug|Any CPU
		{067604fe-6dcd-e709-ed6d-cb1c1ccdd1d5}.Debug|Any CPU.ActiveCfg = Debug|Any CPU
		{067604fe-6dcd-e709-ed6d-cb1c1ccdd1d5}.Debug|Any CPU.Build.0 = Debug|Any CPU
		{7585d7a0-bb07-fcec-00b0-d65969dc9c8e}.Debug|Any CPU.ActiveCfg = Debug|Any CPU
		{7585d7a0-bb07-fcec-00b0-d65969dc9c8e}.Debug|Any CPU.Build.0 = Debug|Any CPU
		{d5faa57b-1fcd-e124-0823-2a56ef64c3d3}.Debug|Any CPU.ActiveCfg = Debug|Any CPU
		{d5faa57b-1fcd-e124-0823-2a56ef64c3d3}.Debug|Any CPU.Build.0 = Debug|Any CPU
		{b62c3f42-f606-e757-b17d-1bd821ab6b82}.Debug|Any CPU.ActiveCfg = Debug|Any CPU
		{b62c3f42-f606-e757-b17d-1bd821ab6b82}.Debug|Any CPU.Build.0 = Debug|Any CPU
		{c2597e59-c23a-1d54-38cf-e579384d33d3}.Debug|Any CPU.ActiveCfg = Debug|Any CPU
		{c2597e59-c23a-1d54-38cf-e579384d33d3}.Debug|Any CPU.Build.0 = Debug|Any CPU
		{f571e24b-2d30-45af-7994-76aa2365cd3e}.Debug|Any CPU.ActiveCfg = Debug|Any CPU
		{f571e24b-2d30-45af-7994-76aa2365cd3e}.Debug|Any CPU.Build.0 = Debug|Any CPU
		{238c711a-1958-5344-35c7-32688a6baa95}.Debug|Any CPU.ActiveCfg = Debug|Any CPU
		{238c711a-1958-5344-35c7-32688a6baa95}.Debug|Any CPU.Build.0 = Debug|Any CPU
		{595ea3ab-9e3a-f40a-4b42-c57c690ea151}.Debug|Any CPU.ActiveCfg = Debug|Any CPU
		{595ea3ab-9e3a-f40a-4b42-c57c690ea151}.Debug|Any CPU.Build.0 = Debug|Any CPU
		{315e64e9-e5a8-e7c6-bca6-81de43da8398}.Debug|Any CPU.ActiveCfg = Debug|Any CPU
		{315e64e9-e5a8-e7c6-bca6-81de43da8398}.Debug|Any CPU.Build.0 = Debug|Any CPU
		{0cd1d587-6287-b2ae-9517-d4f51efbf133}.Debug|Any CPU.ActiveCfg = Debug|Any CPU
		{0cd1d587-6287-b2ae-9517-d4f51efbf133}.Debug|Any CPU.Build.0 = Debug|Any CPU
		{3ccec183-522d-4c87-2532-14e5e6ba540b}.Debug|Any CPU.ActiveCfg = Debug|Any CPU
		{3ccec183-522d-4c87-2532-14e5e6ba540b}.Debug|Any CPU.Build.0 = Debug|Any CPU
		{b609fc00-c1ff-780a-8f4a-e139fef06fc7}.Debug|Any CPU.ActiveCfg = Debug|Any CPU
		{b609fc00-c1ff-780a-8f4a-e139fef06fc7}.Debug|Any CPU.Build.0 = Debug|Any CPU
		{c99cdc90-e725-eccd-cfcc-501332c851e6}.Debug|Any CPU.ActiveCfg = Debug|Any CPU
		{c99cdc90-e725-eccd-cfcc-501332c851e6}.Debug|Any CPU.Build.0 = Debug|Any CPU
		{8fde635e-22d6-4986-ef18-280b0574a6c9}.Debug|Any CPU.ActiveCfg = Debug|Any CPU
		{8fde635e-22d6-4986-ef18-280b0574a6c9}.Debug|Any CPU.Build.0 = Debug|Any CPU
		{30c8ee90-52d4-22fc-a46a-cae400bc8805}.Debug|Any CPU.ActiveCfg = Debug|Any CPU
		{30c8ee90-52d4-22fc-a46a-cae400bc8805}.Debug|Any CPU.Build.0 = Debug|Any CPU
		{8b24f2da-c3c9-d135-80fd-5c2ab41c24c0}.Debug|Any CPU.ActiveCfg = Debug|Any CPU
		{8b24f2da-c3c9-d135-80fd-5c2ab41c24c0}.Debug|Any CPU.Build.0 = Debug|Any CPU
		{42725c70-c018-be64-8173-ae391935ec38}.Debug|Any CPU.ActiveCfg = Debug|Any CPU
		{42725c70-c018-be64-8173-ae391935ec38}.Debug|Any CPU.Build.0 = Debug|Any CPU
		{87782320-832f-7055-4e60-50a8a0f005ce}.Debug|Any CPU.ActiveCfg = Debug|Any CPU
		{87782320-832f-7055-4e60-50a8a0f005ce}.Debug|Any CPU.Build.0 = Debug|Any CPU
		{30b310ad-221c-4964-1239-9ce15df3c701}.Debug|Any CPU.ActiveCfg = Debug|Any CPU
		{30b310ad-221c-4964-1239-9ce15df3c701}.Debug|Any CPU.Build.0 = Debug|Any CPU
		{e3d2073c-aa78-5d03-5078-7431862e5e14}.Debug|Any CPU.ActiveCfg = Debug|Any CPU
		{e3d2073c-aa78-5d03-5078-7431862e5e14}.Debug|Any CPU.Build.0 = Debug|Any CPU
		{72b12f20-bbbc-7d2e-a06a-56cfcf79abb8}.Debug|Any CPU.ActiveCfg = Debug|Any CPU
		{72b12f20-bbbc-7d2e-a06a-56cfcf79abb8}.Debug|Any CPU.Build.0 = Debug|Any CPU
		{28324b1f-305b-ec8a-6176-d2a506b13e0c}.Debug|Any CPU.ActiveCfg = Debug|Any CPU
		{28324b1f-305b-ec8a-6176-d2a506b13e0c}.Debug|Any CPU.Build.0 = Debug|Any CPU
		{c53b86ce-5ee7-b1df-c8c9-8af9cb2ce777}.Debug|Any CPU.ActiveCfg = Debug|Any CPU
		{c53b86ce-5ee7-b1df-c8c9-8af9cb2ce777}.Debug|Any CPU.Build.0 = Debug|Any CPU
		{4419eb18-c9e7-dceb-2831-b5de4966fcf6}.Debug|Any CPU.ActiveCfg = Debug|Any CPU
		{4419eb18-c9e7-dceb-2831-b5de4966fcf6}.Debug|Any CPU.Build.0 = Debug|Any CPU
		{6412f397-63bf-a176-d533-a1910dc00bb0}.Debug|Any CPU.ActiveCfg = Debug|Any CPU
		{6412f397-63bf-a176-d533-a1910dc00bb0}.Debug|Any CPU.Build.0 = Debug|Any CPU
		{69629c12-50b9-5e13-70e1-a5ae6d0f2399}.Debug|Any CPU.ActiveCfg = Debug|Any CPU
		{69629c12-50b9-5e13-70e1-a5ae6d0f2399}.Debug|Any CPU.Build.0 = Debug|Any CPU
		{1b330911-e0ae-48bf-488a-c9e335103b51}.Debug|Any CPU.ActiveCfg = Debug|Any CPU
		{1b330911-e0ae-48bf-488a-c9e335103b51}.Debug|Any CPU.Build.0 = Debug|Any CPU
		{2456eb38-d01d-d4fb-4700-0340c4787848}.Debug|Any CPU.ActiveCfg = Debug|Any CPU
		{2456eb38-d01d-d4fb-4700-0340c4787848}.Debug|Any CPU.Build.0 = Debug|Any CPU
		{965e8025-610e-ac28-c5ee-e22f18173bb3}.Debug|Any CPU.ActiveCfg = Debug|Any CPU
		{965e8025-610e-ac28-c5ee-e22f18173bb3}.Debug|Any CPU.Build.0 = Debug|Any CPU
		{7ee5d5c1-99f4-94f6-03e2-b39584d2b6fe}.Debug|Any CPU.ActiveCfg = Debug|Any CPU
		{7ee5d5c1-99f4-94f6-03e2-b39584d2b6fe}.Debug|Any CPU.Build.0 = Debug|Any CPU
		{39356e71-589d-a95d-520d-df133619b7a2}.Debug|Any CPU.ActiveCfg = Debug|Any CPU
		{39356e71-589d-a95d-520d-df133619b7a2}.Debug|Any CPU.Build.0 = Debug|Any CPU
		{d1667aa7-503b-67c4-5a88-3febd1c3f097}.Debug|Any CPU.ActiveCfg = Debug|Any CPU
		{d1667aa7-503b-67c4-5a88-3febd1c3f097}.Debug|Any CPU.Build.0 = Debug|Any CPU
		{98fc13db-9d3a-9dd0-9251-976bb27e738a}.Debug|Any CPU.ActiveCfg = Debug|Any CPU
		{98fc13db-9d3a-9dd0-9251-976bb27e738a}.Debug|Any CPU.Build.0 = Debug|Any CPU
		{94baf0b8-5494-1629-f0ab-570f6dca8825}.Debug|Any CPU.ActiveCfg = Debug|Any CPU
		{94baf0b8-5494-1629-f0ab-570f6dca8825}.Debug|Any CPU.Build.0 = Debug|Any CPU
		{85b67ba3-8427-b691-12df-749017dd853d}.Debug|Any CPU.ActiveCfg = Debug|Any CPU
		{85b67ba3-8427-b691-12df-749017dd853d}.Debug|Any CPU.Build.0 = Debug|Any CPU
		{dc907256-269c-8620-c7f8-1db7f691a942}.Debug|Any CPU.ActiveCfg = Debug|Any CPU
		{dc907256-269c-8620-c7f8-1db7f691a942}.Debug|Any CPU.Build.0 = Debug|Any CPU
	EndGlobalSection
	GlobalSection(SolutionProperties) = preSolution
		HideSolutionNode = FALSE
	EndGlobalSection
EndGlobal
